
Microsoft Visual Studio Solution File, Format Version 12.00
# Visual Studio Version 17
VisualStudioVersion = 17.7.34031.279
MinimumVisualStudioVersion = 10.0.40219.1
Project("{FAE04EC0-301F-11D3-BF4B-00C04F79EFBC}") = "SAlfLetExamen3Evaluación", "SAlfLetExamen3Evaluación.csproj", "{464A8073-C1A7-4796-B1B0-1D85DAF83907}"
EndProject
Global
	GlobalSection(SolutionConfigurationPlatforms) = preSolution
		Debug|Any CPU = Debug|Any CPU
		Release|Any CPU = Release|Any CPU
	EndGlobalSection
	GlobalSection(ProjectConfigurationPlatforms) = postSolution
		{464A8073-C1A7-4796-B1B0-1D85DAF83907}.Debug|Any CPU.ActiveCfg = Debug|Any CPU
		{464A8073-C1A7-4796-B1B0-1D85DAF83907}.Debug|Any CPU.Build.0 = Debug|Any CPU
		{464A8073-C1A7-4796-B1B0-1D85DAF83907}.Release|Any CPU.ActiveCfg = Release|Any CPU
		{464A8073-C1A7-4796-B1B0-1D85DAF83907}.Release|Any CPU.Build.0 = Release|Any CPU
	EndGlobalSection
	GlobalSection(SolutionProperties) = preSolution
		HideSolutionNode = FALSE
	EndGlobalSection
	GlobalSection(ExtensibilityGlobals) = postSolution
		SolutionGuid = {6766DD3C-9D7B-48A4-A6CE-8DD1D37DC7F5}
	EndGlobalSection
EndGlobal
